
Microsoft Visual Studio Solution File, Format Version 12.00
# Visual Studio Version 16
VisualStudioVersion = 16.0.29424.173
MinimumVisualStudioVersion = 15.0.26124.0
Project("{2150E333-8FDC-42A3-9474-1A3956D46DE8}") = "src", "src", "{DFAE970D-B7F4-49FA-BEED-8F64E5C901E2}"
EndProject
Project("{9A19103F-16F7-4668-BE54-9A1E7A4F7556}") = "BookRef.Api", "src\BookRef.Api\BookRef.Api.csproj", "{0286CD5B-911F-4877-89D9-1CF3A02469D9}"
EndProject
Project("{2150E333-8FDC-42A3-9474-1A3956D46DE8}") = "Solution Items", "Solution Items", "{FB0DB9F0-87E8-47BE-90AA-63617369A1AC}"
	ProjectSection(SolutionItems) = preProject
		.dockerignore = .dockerignore
		.editorconfig = .editorconfig
		.gitignore = .gitignore
		CONTRIBUTING.md = CONTRIBUTING.md
		Dockerfile = Dockerfile
		FJuette.Template.WebApi.nuspec = FJuette.Template.WebApi.nuspec
		README.md = README.md
		.template.config\template.json = .template.config\template.json
		update-packages.sh = update-packages.sh
	EndProjectSection
EndProject
Project("{2150E333-8FDC-42A3-9474-1A3956D46DE8}") = "tests", "tests", "{5D8A23AD-0153-434D-8550-F8D76AE760F8}"
EndProject
Project("{9A19103F-16F7-4668-BE54-9A1E7A4F7556}") = "BookRef.Api.Tests", "tests\BookRef.Api.Tests\BookRef.Api.Tests.csproj", "{04FDB816-48CE-4F4B-9C7A-A6E80E5E6184}"
EndProject
Global
	GlobalSection(SolutionConfigurationPlatforms) = preSolution
		Debug|Any CPU = Debug|Any CPU
		Debug|x64 = Debug|x64
		Debug|x86 = Debug|x86
		Release|Any CPU = Release|Any CPU
		Release|x64 = Release|x64
		Release|x86 = Release|x86
	EndGlobalSection
	GlobalSection(ProjectConfigurationPlatforms) = postSolution
		{0286CD5B-911F-4877-89D9-1CF3A02469D9}.Debug|Any CPU.ActiveCfg = Debug|Any CPU
		{0286CD5B-911F-4877-89D9-1CF3A02469D9}.Debug|Any CPU.Build.0 = Debug|Any CPU
		{0286CD5B-911F-4877-89D9-1CF3A02469D9}.Debug|x64.ActiveCfg = Debug|Any CPU
		{0286CD5B-911F-4877-89D9-1CF3A02469D9}.Debug|x64.Build.0 = Debug|Any CPU
		{0286CD5B-911F-4877-89D9-1CF3A02469D9}.Debug|x86.ActiveCfg = Debug|Any CPU
		{0286CD5B-911F-4877-89D9-1CF3A02469D9}.Debug|x86.Build.0 = Debug|Any CPU
		{0286CD5B-911F-4877-89D9-1CF3A02469D9}.Release|Any CPU.ActiveCfg = Release|Any CPU
		{0286CD5B-911F-4877-89D9-1CF3A02469D9}.Release|Any CPU.Build.0 = Release|Any CPU
		{0286CD5B-911F-4877-89D9-1CF3A02469D9}.Release|x64.ActiveCfg = Release|Any CPU
		{0286CD5B-911F-4877-89D9-1CF3A02469D9}.Release|x64.Build.0 = Release|Any CPU
		{0286CD5B-911F-4877-89D9-1CF3A02469D9}.Release|x86.ActiveCfg = Release|Any CPU
		{0286CD5B-911F-4877-89D9-1CF3A02469D9}.Release|x86.Build.0 = Release|Any CPU
		{04FDB816-48CE-4F4B-9C7A-A6E80E5E6184}.Debug|Any CPU.ActiveCfg = Debug|Any CPU
		{04FDB816-48CE-4F4B-9C7A-A6E80E5E6184}.Debug|Any CPU.Build.0 = Debug|Any CPU
		{04FDB816-48CE-4F4B-9C7A-A6E80E5E6184}.Debug|x64.ActiveCfg = Debug|Any CPU
		{04FDB816-48CE-4F4B-9C7A-A6E80E5E6184}.Debug|x64.Build.0 = Debug|Any CPU
		{04FDB816-48CE-4F4B-9C7A-A6E80E5E6184}.Debug|x86.ActiveCfg = Debug|Any CPU
		{04FDB816-48CE-4F4B-9C7A-A6E80E5E6184}.Debug|x86.Build.0 = Debug|Any CPU
		{04FDB816-48CE-4F4B-9C7A-A6E80E5E6184}.Release|Any CPU.ActiveCfg = Release|Any CPU
		{04FDB816-48CE-4F4B-9C7A-A6E80E5E6184}.Release|Any CPU.Build.0 = Release|Any CPU
		{04FDB816-48CE-4F4B-9C7A-A6E80E5E6184}.Release|x64.ActiveCfg = Release|Any CPU
		{04FDB816-48CE-4F4B-9C7A-A6E80E5E6184}.Release|x64.Build.0 = Release|Any CPU
		{04FDB816-48CE-4F4B-9C7A-A6E80E5E6184}.Release|x86.ActiveCfg = Release|Any CPU
		{04FDB816-48CE-4F4B-9C7A-A6E80E5E6184}.Release|x86.Build.0 = Release|Any CPU
	EndGlobalSection
	GlobalSection(SolutionProperties) = preSolution
		HideSolutionNode = FALSE
	EndGlobalSection
	GlobalSection(NestedProjects) = preSolution
		{0286CD5B-911F-4877-89D9-1CF3A02469D9} = {DFAE970D-B7F4-49FA-BEED-8F64E5C901E2}
		{04FDB816-48CE-4F4B-9C7A-A6E80E5E6184} = {5D8A23AD-0153-434D-8550-F8D76AE760F8}
	EndGlobalSection
	GlobalSection(ExtensibilityGlobals) = postSolution
		SolutionGuid = {C6FFF1B2-450C-42CB-A720-E6F35D17EFAA}
	EndGlobalSection
EndGlobal
